
Microsoft Visual Studio Solution File, Format Version 12.00
# Visual Studio Version 16
VisualStudioVersion = 16.0.31605.320
MinimumVisualStudioVersion = 10.0.40219.1
Project("{00D1A9C2-B5F0-4AF3-8072-F6C62B433612}") = "CID_test", "CID_test\CID_test.sqlproj", "{28DD7415-B82F-47FB-A7BF-AE04AC5458DD}"
EndProject
Global
	GlobalSection(SolutionConfigurationPlatforms) = preSolution
		Debug|Any CPU = Debug|Any CPU
		Release|Any CPU = Release|Any CPU
	EndGlobalSection
	GlobalSection(ProjectConfigurationPlatforms) = postSolution
		{28DD7415-B82F-47FB-A7BF-AE04AC5458DD}.Debug|Any CPU.ActiveCfg = Debug|Any CPU
		{28DD7415-B82F-47FB-A7BF-AE04AC5458DD}.Debug|Any CPU.Build.0 = Debug|Any CPU
		{28DD7415-B82F-47FB-A7BF-AE04AC5458DD}.Debug|Any CPU.Deploy.0 = Debug|Any CPU
		{28DD7415-B82F-47FB-A7BF-AE04AC5458DD}.Release|Any CPU.ActiveCfg = Release|Any CPU
		{28DD7415-B82F-47FB-A7BF-AE04AC5458DD}.Release|Any CPU.Build.0 = Release|Any CPU
		{28DD7415-B82F-47FB-A7BF-AE04AC5458DD}.Release|Any CPU.Deploy.0 = Release|Any CPU
	EndGlobalSection
	GlobalSection(SolutionProperties) = preSolution
		HideSolutionNode = FALSE
	EndGlobalSection
	GlobalSection(ExtensibilityGlobals) = postSolution
		SolutionGuid = {73A1FED0-AC61-4E48-B93F-84358068C17C}
	EndGlobalSection
EndGlobal
